// !$*UTF8*$!
{
	archiveVersion = 1;
	classes = {
	};
	objectVersion = 50;
	objects = {

/* Begin PBXBuildFile section */
		550BD3052410639C005384F4 /* WeatherData.swift in Sources */ = {isa = PBXBuildFile; fileRef = 550BD3042410639C005384F4 /* WeatherData.swift */; };
		550BD30724107B8E005384F4 /* WeatherModel.swift in Sources */ = {isa = PBXBuildFile; fileRef = 550BD30624107B8E005384F4 /* WeatherModel.swift */; };
		551CE500240F1C9B008F451F /* WeatherManager.swift in Sources */ = {isa = PBXBuildFile; fileRef = 551CE4FF240F1C9B008F451F /* WeatherManager.swift */; };
		553442FB2409A583002BDE90 /* AppDelegate.swift in Sources */ = {isa = PBXBuildFile; fileRef = 553442FA2409A583002BDE90 /* AppDelegate.swift */; };
		553442FD2409A583002BDE90 /* SceneDelegate.swift in Sources */ = {isa = PBXBuildFile; fileRef = 553442FC2409A583002BDE90 /* SceneDelegate.swift */; };
		553442FF2409A583002BDE90 /* WeatherViewController.swift in Sources */ = {isa = PBXBuildFile; fileRef = 553442FE2409A583002BDE90 /* WeatherViewController.swift */; };
		553443022409A583002BDE90 /* Main.storyboard in Resources */ = {isa = PBXBuildFile; fileRef = 553443002409A583002BDE90 /* Main.storyboard */; };
		553443052409A583002BDE90 /* Clima.xcdatamodeld in Sources */ = {isa = PBXBuildFile; fileRef = 553443032409A583002BDE90 /* Clima.xcdatamodeld */; };
		553443072409A585002BDE90 /* Assets.xcassets in Resources */ = {isa = PBXBuildFile; fileRef = 553443062409A585002BDE90 /* Assets.xcassets */; };
		5534430A2409A585002BDE90 /* LaunchScreen.storyboard in Resources */ = {isa = PBXBuildFile; fileRef = 553443082409A585002BDE90 /* LaunchScreen.storyboard */; };
		553443152409A585002BDE90 /* ClimaTests.swift in Sources */ = {isa = PBXBuildFile; fileRef = 553443142409A585002BDE90 /* ClimaTests.swift */; };
		553443202409A585002BDE90 /* ClimaUITests.swift in Sources */ = {isa = PBXBuildFile; fileRef = 5534431F2409A585002BDE90 /* ClimaUITests.swift */; };
		5534432E2409A801002BDE90 /* README.md in Resources */ = {isa = PBXBuildFile; fileRef = 5534432D2409A801002BDE90 /* README.md */; };
		553443342409E629002BDE90 /* dark_background.pdf in Resources */ = {isa = PBXBuildFile; fileRef = 553443322409E629002BDE90 /* dark_background.pdf */; };
		553443352409E629002BDE90 /* light_background.pdf in Resources */ = {isa = PBXBuildFile; fileRef = 553443332409E629002BDE90 /* light_background.pdf */; };
		55E008E4243E109B0078C375 /* WeatherHourCollectionViewCell.swift in Sources */ = {isa = PBXBuildFile; fileRef = 55E008E3243E109B0078C375 /* WeatherHourCollectionViewCell.swift */; };
/* End PBXBuildFile section */

/* Begin PBXContainerItemProxy section */
		553443112409A585002BDE90 /* PBXContainerItemProxy */ = {
			isa = PBXContainerItemProxy;
			containerPortal = 553442EF2409A583002BDE90 /* Project object */;
			proxyType = 1;
			remoteGlobalIDString = 553442F62409A583002BDE90;
			remoteInfo = Clima;
		};
		5534431C2409A585002BDE90 /* PBXContainerItemProxy */ = {
			isa = PBXContainerItemProxy;
			containerPortal = 553442EF2409A583002BDE90 /* Project object */;
			proxyType = 1;
			remoteGlobalIDString = 553442F62409A583002BDE90;
			remoteInfo = Clima;
		};
/* End PBXContainerItemProxy section */

/* Begin PBXFileReference section */
		550BD3042410639C005384F4 /* WeatherData.swift */ = {isa = PBXFileReference; lastKnownFileType = sourcecode.swift; path = WeatherData.swift; sourceTree = "<group>"; };
		550BD30624107B8E005384F4 /* WeatherModel.swift */ = {isa = PBXFileReference; lastKnownFileType = sourcecode.swift; path = WeatherModel.swift; sourceTree = "<group>"; };
		551CE4FF240F1C9B008F451F /* WeatherManager.swift */ = {isa = PBXFileReference; lastKnownFileType = sourcecode.swift; path = WeatherManager.swift; sourceTree = "<group>"; };
		553442F72409A583002BDE90 /* Clima.app */ = {isa = PBXFileReference; explicitFileType = wrapper.application; includeInIndex = 0; path = Clima.app; sourceTree = BUILT_PRODUCTS_DIR; };
		553442FA2409A583002BDE90 /* AppDelegate.swift */ = {isa = PBXFileReference; lastKnownFileType = sourcecode.swift; path = AppDelegate.swift; sourceTree = "<group>"; };
		553442FC2409A583002BDE90 /* SceneDelegate.swift */ = {isa = PBXFileReference; lastKnownFileType = sourcecode.swift; path = SceneDelegate.swift; sourceTree = "<group>"; };
		553442FE2409A583002BDE90 /* WeatherViewController.swift */ = {isa = PBXFileReference; lastKnownFileType = sourcecode.swift; path = WeatherViewController.swift; sourceTree = "<group>"; };
		553443012409A583002BDE90 /* Base */ = {isa = PBXFileReference; lastKnownFileType = file.storyboard; name = Base; path = Base.lproj/Main.storyboard; sourceTree = "<group>"; };
		553443042409A583002BDE90 /* Clima.xcdatamodel */ = {isa = PBXFileReference; lastKnownFileType = wrapper.xcdatamodel; path = Clima.xcdatamodel; sourceTree = "<group>"; };
		553443062409A585002BDE90 /* Assets.xcassets */ = {isa = PBXFileReference; lastKnownFileType = folder.assetcatalog; path = Assets.xcassets; sourceTree = "<group>"; };
		553443092409A585002BDE90 /* Base */ = {isa = PBXFileReference; lastKnownFileType = file.storyboard; name = Base; path = Base.lproj/LaunchScreen.storyboard; sourceTree = "<group>"; };
		5534430B2409A585002BDE90 /* Info.plist */ = {isa = PBXFileReference; lastKnownFileType = text.plist.xml; path = Info.plist; sourceTree = "<group>"; };
		553443102409A585002BDE90 /* ClimaTests.xctest */ = {isa = PBXFileReference; explicitFileType = wrapper.cfbundle; includeInIndex = 0; path = ClimaTests.xctest; sourceTree = BUILT_PRODUCTS_DIR; };
		553443142409A585002BDE90 /* ClimaTests.swift */ = {isa = PBXFileReference; lastKnownFileType = sourcecode.swift; path = ClimaTests.swift; sourceTree = "<group>"; };
		553443162409A585002BDE90 /* Info.plist */ = {isa = PBXFileReference; lastKnownFileType = text.plist.xml; path = Info.plist; sourceTree = "<group>"; };
		5534431B2409A585002BDE90 /* ClimaUITests.xctest */ = {isa = PBXFileReference; explicitFileType = wrapper.cfbundle; includeInIndex = 0; path = ClimaUITests.xctest; sourceTree = BUILT_PRODUCTS_DIR; };
		5534431F2409A585002BDE90 /* ClimaUITests.swift */ = {isa = PBXFileReference; lastKnownFileType = sourcecode.swift; path = ClimaUITests.swift; sourceTree = "<group>"; };
		553443212409A585002BDE90 /* Info.plist */ = {isa = PBXFileReference; lastKnownFileType = text.plist.xml; path = Info.plist; sourceTree = "<group>"; };
		5534432D2409A801002BDE90 /* README.md */ = {isa = PBXFileReference; lastKnownFileType = net.daringfireball.markdown; path = README.md; sourceTree = "<group>"; };
		553443322409E629002BDE90 /* dark_background.pdf */ = {isa = PBXFileReference; lastKnownFileType = image.pdf; name = dark_background.pdf; path = Clima/dark_background.pdf; sourceTree = SOURCE_ROOT; };
		553443332409E629002BDE90 /* light_background.pdf */ = {isa = PBXFileReference; lastKnownFileType = image.pdf; name = light_background.pdf; path = Clima/light_background.pdf; sourceTree = SOURCE_ROOT; };
		55E008E3243E109B0078C375 /* WeatherHourCollectionViewCell.swift */ = {isa = PBXFileReference; lastKnownFileType = sourcecode.swift; path = WeatherHourCollectionViewCell.swift; sourceTree = "<group>"; };
/* End PBXFileReference section */

/* Begin PBXFrameworksBuildPhase section */
		553442F42409A583002BDE90 /* Frameworks */ = {
			isa = PBXFrameworksBuildPhase;
			buildActionMask = 2147483647;
			files = (
			);
			runOnlyForDeploymentPostprocessing = 0;
		};
		5534430D2409A585002BDE90 /* Frameworks */ = {
			isa = PBXFrameworksBuildPhase;
			buildActionMask = 2147483647;
			files = (
			);
			runOnlyForDeploymentPostprocessing = 0;
		};
		553443182409A585002BDE90 /* Frameworks */ = {
			isa = PBXFrameworksBuildPhase;
			buildActionMask = 2147483647;
			files = (
			);
			runOnlyForDeploymentPostprocessing = 0;
		};
/* End PBXFrameworksBuildPhase section */

/* Begin PBXGroup section */
		553442EE2409A583002BDE90 = {
			isa = PBXGroup;
			children = (
				5534432D2409A801002BDE90 /* README.md */,
				553442F92409A583002BDE90 /* Clima */,
				553443132409A585002BDE90 /* ClimaTests */,
				5534431E2409A585002BDE90 /* ClimaUITests */,
				553442F82409A583002BDE90 /* Products */,
			);
			sourceTree = "<group>";
		};
		553442F82409A583002BDE90 /* Products */ = {
			isa = PBXGroup;
			children = (
				553442F72409A583002BDE90 /* Clima.app */,
				553443102409A585002BDE90 /* ClimaTests.xctest */,
				5534431B2409A585002BDE90 /* ClimaUITests.xctest */,
			);
			name = Products;
			sourceTree = "<group>";
		};
		553442F92409A583002BDE90 /* Clima */ = {
			isa = PBXGroup;
			children = (
				553442FA2409A583002BDE90 /* AppDelegate.swift */,
				553442FC2409A583002BDE90 /* SceneDelegate.swift */,
				5534432F2409A833002BDE90 /* Model */,
				553443302409A83B002BDE90 /* View */,
				553443312409A849002BDE90 /* Controller */,
				553443002409A583002BDE90 /* Main.storyboard */,
				553443062409A585002BDE90 /* Assets.xcassets */,
				553443082409A585002BDE90 /* LaunchScreen.storyboard */,
				5534430B2409A585002BDE90 /* Info.plist */,
				553443032409A583002BDE90 /* Clima.xcdatamodeld */,
			);
			path = Clima;
			sourceTree = "<group>";
		};
		553443132409A585002BDE90 /* ClimaTests */ = {
			isa = PBXGroup;
			children = (
				553443142409A585002BDE90 /* ClimaTests.swift */,
				553443162409A585002BDE90 /* Info.plist */,
			);
			path = ClimaTests;
			sourceTree = "<group>";
		};
		5534431E2409A585002BDE90 /* ClimaUITests */ = {
			isa = PBXGroup;
			children = (
				5534431F2409A585002BDE90 /* ClimaUITests.swift */,
				553443212409A585002BDE90 /* Info.plist */,
				553443322409E629002BDE90 /* dark_background.pdf */,
				553443332409E629002BDE90 /* light_background.pdf */,
			);
			path = ClimaUITests;
			sourceTree = "<group>";
		};
		5534432F2409A833002BDE90 /* Model */ = {
			isa = PBXGroup;
			children = (
				551CE4FF240F1C9B008F451F /* WeatherManager.swift */,
				550BD3042410639C005384F4 /* WeatherData.swift */,
				550BD30624107B8E005384F4 /* WeatherModel.swift */,
			);
			path = Model;
			sourceTree = "<group>";
		};
		553443302409A83B002BDE90 /* View */ = {
			isa = PBXGroup;
			children = (
			);
			path = View;
			sourceTree = "<group>";
		};
		553443312409A849002BDE90 /* Controller */ = {
			isa = PBXGroup;
			children = (
				553442FE2409A583002BDE90 /* WeatherViewController.swift */,
				55E008E3243E109B0078C375 /* WeatherHourCollectionViewCell.swift */,
			);
			path = Controller;
			sourceTree = "<group>";
		};
/* End PBXGroup section */

/* Begin PBXNativeTarget section */
		553442F62409A583002BDE90 /* Clima */ = {
			isa = PBXNativeTarget;
			buildConfigurationList = 553443242409A585002BDE90 /* Build configuration list for PBXNativeTarget "Clima" */;
			buildPhases = (
				553442F32409A583002BDE90 /* Sources */,
				553442F42409A583002BDE90 /* Frameworks */,
				553442F52409A583002BDE90 /* Resources */,
			);
			buildRules = (
			);
			dependencies = (
			);
			name = Clima;
			productName = Clima;
			productReference = 553442F72409A583002BDE90 /* Clima.app */;
			productType = "com.apple.product-type.application";
		};
		5534430F2409A585002BDE90 /* ClimaTests */ = {
			isa = PBXNativeTarget;
			buildConfigurationList = 553443272409A585002BDE90 /* Build configuration list for PBXNativeTarget "ClimaTests" */;
			buildPhases = (
				5534430C2409A585002BDE90 /* Sources */,
				5534430D2409A585002BDE90 /* Frameworks */,
				5534430E2409A585002BDE90 /* Resources */,
			);
			buildRules = (
			);
			dependencies = (
				553443122409A585002BDE90 /* PBXTargetDependency */,
			);
			name = ClimaTests;
			productName = ClimaTests;
			productReference = 553443102409A585002BDE90 /* ClimaTests.xctest */;
			productType = "com.apple.product-type.bundle.unit-test";
		};
		5534431A2409A585002BDE90 /* ClimaUITests */ = {
			isa = PBXNativeTarget;
			buildConfigurationList = 5534432A2409A585002BDE90 /* Build configuration list for PBXNativeTarget "ClimaUITests" */;
			buildPhases = (
				553443172409A585002BDE90 /* Sources */,
				553443182409A585002BDE90 /* Frameworks */,
				553443192409A585002BDE90 /* Resources */,
			);
			buildRules = (
			);
			dependencies = (
				5534431D2409A585002BDE90 /* PBXTargetDependency */,
			);
			name = ClimaUITests;
			productName = ClimaUITests;
			productReference = 5534431B2409A585002BDE90 /* ClimaUITests.xctest */;
			productType = "com.apple.product-type.bundle.ui-testing";
		};
/* End PBXNativeTarget section */

/* Begin PBXProject section */
		553442EF2409A583002BDE90 /* Project object */ = {
			isa = PBXProject;
			attributes = {
				LastSwiftUpdateCheck = 1130;
				LastUpgradeCheck = 1130;
				ORGANIZATIONNAME = "Felipe Weber";
				TargetAttributes = {
					553442F62409A583002BDE90 = {
						CreatedOnToolsVersion = 11.3.1;
					};
					5534430F2409A585002BDE90 = {
						CreatedOnToolsVersion = 11.3.1;
						TestTargetID = 553442F62409A583002BDE90;
					};
					5534431A2409A585002BDE90 = {
						CreatedOnToolsVersion = 11.3.1;
						TestTargetID = 553442F62409A583002BDE90;
					};
				};
			};
			buildConfigurationList = 553442F22409A583002BDE90 /* Build configuration list for PBXProject "Clima" */;
			compatibilityVersion = "Xcode 9.3";
			developmentRegion = en;
			hasScannedForEncodings = 0;
			knownRegions = (
				en,
				Base,
			);
			mainGroup = 553442EE2409A583002BDE90;
			productRefGroup = 553442F82409A583002BDE90 /* Products */;
			projectDirPath = "";
			projectRoot = "";
			targets = (
				553442F62409A583002BDE90 /* Clima */,
				5534430F2409A585002BDE90 /* ClimaTests */,
				5534431A2409A585002BDE90 /* ClimaUITests */,
			);
		};
/* End PBXProject section */

/* Begin PBXResourcesBuildPhase section */
		553442F52409A583002BDE90 /* Resources */ = {
			isa = PBXResourcesBuildPhase;
			buildActionMask = 2147483647;
			files = (
				553443342409E629002BDE90 /* dark_background.pdf in Resources */,
				5534430A2409A585002BDE90 /* LaunchScreen.storyboard in Resources */,
				553443072409A585002BDE90 /* Assets.xcassets in Resources */,
				5534432E2409A801002BDE90 /* README.md in Resources */,
				553443022409A583002BDE90 /* Main.storyboard in Resources */,
				553443352409E629002BDE90 /* light_background.pdf in Resources */,
			);
			runOnlyForDeploymentPostprocessing = 0;
		};
		5534430E2409A585002BDE90 /* Resources */ = {
			isa = PBXResourcesBuildPhase;
			buildActionMask = 2147483647;
			files = (
			);
			runOnlyForDeploymentPostprocessing = 0;
		};
		553443192409A585002BDE90 /* Resources */ = {
			isa = PBXResourcesBuildPhase;
			buildActionMask = 2147483647;
			files = (
			);
			runOnlyForDeploymentPostprocessing = 0;
		};
/* End PBXResourcesBuildPhase section */

/* Begin PBXSourcesBuildPhase section */
		553442F32409A583002BDE90 /* Sources */ = {
			isa = PBXSourcesBuildPhase;
			buildActionMask = 2147483647;
			files = (
				553443052409A583002BDE90 /* Clima.xcdatamodeld in Sources */,
				553442FF2409A583002BDE90 /* WeatherViewController.swift in Sources */,
				551CE500240F1C9B008F451F /* WeatherManager.swift in Sources */,
				55E008E4243E109B0078C375 /* WeatherHourCollectionViewCell.swift in Sources */,
				550BD30724107B8E005384F4 /* WeatherModel.swift in Sources */,
				553442FB2409A583002BDE90 /* AppDelegate.swift in Sources */,
				550BD3052410639C005384F4 /* WeatherData.swift in Sources */,
				553442FD2409A583002BDE90 /* SceneDelegate.swift in Sources */,
			);
			runOnlyForDeploymentPostprocessing = 0;
		};
		5534430C2409A585002BDE90 /* Sources */ = {
			isa = PBXSourcesBuildPhase;
			buildActionMask = 2147483647;
			files = (
				553443152409A585002BDE90 /* ClimaTests.swift in Sources */,
			);
			runOnlyForDeploymentPostprocessing = 0;
		};
		553443172409A585002BDE90 /* Sources */ = {
			isa = PBXSourcesBuildPhase;
			buildActionMask = 2147483647;
			files = (
				553443202409A585002BDE90 /* ClimaUITests.swift in Sources */,
			);
			runOnlyForDeploymentPostprocessing = 0;
		};
/* End PBXSourcesBuildPhase section */

/* Begin PBXTargetDependency section */
		553443122409A585002BDE90 /* PBXTargetDependency */ = {
			isa = PBXTargetDependency;
			target = 553442F62409A583002BDE90 /* Clima */;
			targetProxy = 553443112409A585002BDE90 /* PBXContainerItemProxy */;
		};
		5534431D2409A585002BDE90 /* PBXTargetDependency */ = {
			isa = PBXTargetDependency;
			target = 553442F62409A583002BDE90 /* Clima */;
			targetProxy = 5534431C2409A585002BDE90 /* PBXContainerItemProxy */;
		};
/* End PBXTargetDependency section */

/* Begin PBXVariantGroup section */
		553443002409A583002BDE90 /* Main.storyboard */ = {
			isa = PBXVariantGroup;
			children = (
				553443012409A583002BDE90 /* Base */,
			);
			name = Main.storyboard;
			sourceTree = "<group>";
		};
		553443082409A585002BDE90 /* LaunchScreen.storyboard */ = {
			isa = PBXVariantGroup;
			children = (
				553443092409A585002BDE90 /* Base */,
			);
			name = LaunchScreen.storyboard;
			sourceTree = "<group>";
		};
/* End PBXVariantGroup section */

/* Begin XCBuildConfiguration section */
		553443222409A585002BDE90 /* Debug */ = {
			isa = XCBuildConfiguration;
			buildSettings = {
				ALWAYS_SEARCH_USER_PATHS = NO;
				CLANG_ANALYZER_NONNULL = YES;
				CLANG_ANALYZER_NUMBER_OBJECT_CONVERSION = YES_AGGRESSIVE;
				CLANG_CXX_LANGUAGE_STANDARD = "gnu++14";
				CLANG_CXX_LIBRARY = "libc++";
				CLANG_ENABLE_MODULES = YES;
				CLANG_ENABLE_OBJC_ARC = YES;
				CLANG_ENABLE_OBJC_WEAK = YES;
				CLANG_WARN_BLOCK_CAPTURE_AUTORELEASING = YES;
				CLANG_WARN_BOOL_CONVERSION = YES;
				CLANG_WARN_COMMA = YES;
				CLANG_WARN_CONSTANT_CONVERSION = YES;
				CLANG_WARN_DEPRECATED_OBJC_IMPLEMENTATIONS = YES;
				CLANG_WARN_DIRECT_OBJC_ISA_USAGE = YES_ERROR;
				CLANG_WARN_DOCUMENTATION_COMMENTS = YES;
				CLANG_WARN_EMPTY_BODY = YES;
				CLANG_WARN_ENUM_CONVERSION = YES;
				CLANG_WARN_INFINITE_RECURSION = YES;
				CLANG_WARN_INT_CONVERSION = YES;
				CLANG_WARN_NON_LITERAL_NULL_CONVERSION = YES;
				CLANG_WARN_OBJC_IMPLICIT_RETAIN_SELF = YES;
				CLANG_WARN_OBJC_LITERAL_CONVERSION = YES;
				CLANG_WARN_OBJC_ROOT_CLASS = YES_ERROR;
				CLANG_WARN_RANGE_LOOP_ANALYSIS = YES;
				CLANG_WARN_STRICT_PROTOTYPES = YES;
				CLANG_WARN_SUSPICIOUS_MOVE = YES;
				CLANG_WARN_UNGUARDED_AVAILABILITY = YES_AGGRESSIVE;
				CLANG_WARN_UNREACHABLE_CODE = YES;
				CLANG_WARN__DUPLICATE_METHOD_MATCH = YES;
				COPY_PHASE_STRIP = NO;
				DEBUG_INFORMATION_FORMAT = dwarf;
				ENABLE_STRICT_OBJC_MSGSEND = YES;
				ENABLE_TESTABILITY = YES;
				GCC_C_LANGUAGE_STANDARD = gnu11;
				GCC_DYNAMIC_NO_PIC = NO;
				GCC_NO_COMMON_BLOCKS = YES;
				GCC_OPTIMIZATION_LEVEL = 0;
				GCC_PREPROCESSOR_DEFINITIONS = (
					"DEBUG=1",
					"$(inherited)",
				);
				GCC_WARN_64_TO_32_BIT_CONVERSION = YES;
				GCC_WARN_ABOUT_RETURN_TYPE = YES_ERROR;
				GCC_WARN_UNDECLARED_SELECTOR = YES;
				GCC_WARN_UNINITIALIZED_AUTOS = YES_AGGRESSIVE;
				GCC_WARN_UNUSED_FUNCTION = YES;
				GCC_WARN_UNUSED_VARIABLE = YES;
				IPHONEOS_DEPLOYMENT_TARGET = 13.2;
				MTL_ENABLE_DEBUG_INFO = INCLUDE_SOURCE;
				MTL_FAST_MATH = YES;
				ONLY_ACTIVE_ARCH = YES;
				SDKROOT = iphoneos;
				SWIFT_ACTIVE_COMPILATION_CONDITIONS = DEBUG;
				SWIFT_OPTIMIZATION_LEVEL = "-Onone";
			};
			name = Debug;
		};
		553443232409A585002BDE90 /* Release */ = {
			isa = XCBuildConfiguration;
			buildSettings = {
				ALWAYS_SEARCH_USER_PATHS = NO;
				CLANG_ANALYZER_NONNULL = YES;
				CLANG_ANALYZER_NUMBER_OBJECT_CONVERSION = YES_AGGRESSIVE;
				CLANG_CXX_LANGUAGE_STANDARD = "gnu++14";
				CLANG_CXX_LIBRARY = "libc++";
				CLANG_ENABLE_MODULES = YES;
				CLANG_ENABLE_OBJC_ARC = YES;
				CLANG_ENABLE_OBJC_WEAK = YES;
				CLANG_WARN_BLOCK_CAPTURE_AUTORELEASING = YES;
				CLANG_WARN_BOOL_CONVERSION = YES;
				CLANG_WARN_COMMA = YES;
				CLANG_WARN_CONSTANT_CONVERSION = YES;
				CLANG_WARN_DEPRECATED_OBJC_IMPLEMENTATIONS = YES;
				CLANG_WARN_DIRECT_OBJC_ISA_USAGE = YES_ERROR;
				CLANG_WARN_DOCUMENTATION_COMMENTS = YES;
				CLANG_WARN_EMPTY_BODY = YES;
				CLANG_WARN_ENUM_CONVERSION = YES;
				CLANG_WARN_INFINITE_RECURSION = YES;
				CLANG_WARN_INT_CONVERSION = YES;
				CLANG_WARN_NON_LITERAL_NULL_CONVERSION = YES;
				CLANG_WARN_OBJC_IMPLICIT_RETAIN_SELF = YES;
				CLANG_WARN_OBJC_LITERAL_CONVERSION = YES;
				CLANG_WARN_OBJC_ROOT_CLASS = YES_ERROR;
				CLANG_WARN_RANGE_LOOP_ANALYSIS = YES;
				CLANG_WARN_STRICT_PROTOTYPES = YES;
				CLANG_WARN_SUSPICIOUS_MOVE = YES;
				CLANG_WARN_UNGUARDED_AVAILABILITY = YES_AGGRESSIVE;
				CLANG_WARN_UNREACHABLE_CODE = YES;
				CLANG_WARN__DUPLICATE_METHOD_MATCH = YES;
				COPY_PHASE_STRIP = NO;
				DEBUG_INFORMATION_FORMAT = "dwarf-with-dsym";
				ENABLE_NS_ASSERTIONS = NO;
				ENABLE_STRICT_OBJC_MSGSEND = YES;
				GCC_C_LANGUAGE_STANDARD = gnu11;
				GCC_NO_COMMON_BLOCKS = YES;
				GCC_WARN_64_TO_32_BIT_CONVERSION = YES;
				GCC_WARN_ABOUT_RETURN_TYPE = YES_ERROR;
				GCC_WARN_UNDECLARED_SELECTOR = YES;
				GCC_WARN_UNINITIALIZED_AUTOS = YES_AGGRESSIVE;
				GCC_WARN_UNUSED_FUNCTION = YES;
				GCC_WARN_UNUSED_VARIABLE = YES;
				IPHONEOS_DEPLOYMENT_TARGET = 13.2;
				MTL_ENABLE_DEBUG_INFO = NO;
				MTL_FAST_MATH = YES;
				SDKROOT = iphoneos;
				SWIFT_COMPILATION_MODE = wholemodule;
				SWIFT_OPTIMIZATION_LEVEL = "-O";
				VALIDATE_PRODUCT = YES;
			};
			name = Release;
		};
		553443252409A585002BDE90 /* Debug */ = {
			isa = XCBuildConfiguration;
			buildSettings = {
				ASSETCATALOG_COMPILER_APPICON_NAME = AppIcon;
				CODE_SIGN_STYLE = Automatic;
				DEVELOPMENT_TEAM = 9QG5EGL3K8;
				INFOPLIST_FILE = Clima/Info.plist;
				LD_RUNPATH_SEARCH_PATHS = (
					"$(inherited)",
					"@executable_path/Frameworks",
				);
				PRODUCT_BUNDLE_IDENTIFIER = com.felipeweber.Clima;
				PRODUCT_NAME = "$(TARGET_NAME)";
				SWIFT_VERSION = 5.0;
				TARGETED_DEVICE_FAMILY = "1,2";
			};
			name = Debug;
		};
		553443262409A585002BDE90 /* Release */ = {
			isa = XCBuildConfiguration;
			buildSettings = {
				ASSETCATALOG_COMPILER_APPICON_NAME = AppIcon;
				CODE_SIGN_STYLE = Automatic;
				DEVELOPMENT_TEAM = 9QG5EGL3K8;
				INFOPLIST_FILE = Clima/Info.plist;
				LD_RUNPATH_SEARCH_PATHS = (
					"$(inherited)",
					"@executable_path/Frameworks",
				);
				PRODUCT_BUNDLE_IDENTIFIER = com.felipeweber.Clima;
				PRODUCT_NAME = "$(TARGET_NAME)";
				SWIFT_VERSION = 5.0;
				TARGETED_DEVICE_FAMILY = "1,2";
			};
			name = Release;
		};
		553443282409A585002BDE90 /* Debug */ = {
			isa = XCBuildConfiguration;
			buildSettings = {
				ALWAYS_EMBED_SWIFT_STANDARD_LIBRARIES = YES;
				BUNDLE_LOADER = "$(TEST_HOST)";
				CODE_SIGN_STYLE = Automatic;
				DEVELOPMENT_TEAM = 9QG5EGL3K8;
				INFOPLIST_FILE = ClimaTests/Info.plist;
				IPHONEOS_DEPLOYMENT_TARGET = 13.2;
				LD_RUNPATH_SEARCH_PATHS = (
					"$(inherited)",
					"@executable_path/Frameworks",
					"@loader_path/Frameworks",
				);
				PRODUCT_BUNDLE_IDENTIFIER = com.felipeweber.ClimaTests;
				PRODUCT_NAME = "$(TARGET_NAME)";
				SWIFT_VERSION = 5.0;
				TARGETED_DEVICE_FAMILY = "1,2";
				TEST_HOST = "$(BUILT_PRODUCTS_DIR)/Clima.app/Clima";
			};
			name = Debug;
		};
		553443292409A585002BDE90 /* Release */ = {
			isa = XCBuildConfiguration;
			buildSettings = {
				ALWAYS_EMBED_SWIFT_STANDARD_LIBRARIES = YES;
				BUNDLE_LOADER = "$(TEST_HOST)";
				CODE_SIGN_STYLE = Automatic;
				DEVELOPMENT_TEAM = 9QG5EGL3K8;
				INFOPLIST_FILE = ClimaTests/Info.plist;
				IPHONEOS_DEPLOYMENT_TARGET = 13.2;
				LD_RUNPATH_SEARCH_PATHS = (
					"$(inherited)",
					"@executable_path/Frameworks",
					"@loader_path/Frameworks",
				);
				PRODUCT_BUNDLE_IDENTIFIER = com.felipeweber.ClimaTests;
				PRODUCT_NAME = "$(TARGET_NAME)";
				SWIFT_VERSION = 5.0;
				TARGETED_DEVICE_FAMILY = "1,2";
				TEST_HOST = "$(BUILT_PRODUCTS_DIR)/Clima.app/Clima";
			};
			name = Release;
		};
		5534432B2409A585002BDE90 /* Debug */ = {
			isa = XCBuildConfiguration;
			buildSettings = {
				ALWAYS_EMBED_SWIFT_STANDARD_LIBRARIES = YES;
				CODE_SIGN_STYLE = Automatic;
				DEVELOPMENT_TEAM = 9QG5EGL3K8;
				INFOPLIST_FILE = ClimaUITests/Info.plist;
				LD_RUNPATH_SEARCH_PATHS = (
					"$(inherited)",
					"@executable_path/Frameworks",
					"@loader_path/Frameworks",
				);
				PRODUCT_BUNDLE_IDENTIFIER = com.felipeweber.ClimaUITests;
				PRODUCT_NAME = "$(TARGET_NAME)";
				SWIFT_VERSION = 5.0;
				TARGETED_DEVICE_FAMILY = "1,2";
				TEST_TARGET_NAME = Clima;
			};
			name = Debug;
		};
		5534432C2409A585002BDE90 /* Release */ = {
			isa = XCBuildConfiguration;
			buildSettings = {
				ALWAYS_EMBED_SWIFT_STANDARD_LIBRARIES = YES;
				CODE_SIGN_STYLE = Automatic;
				DEVELOPMENT_TEAM = 9QG5EGL3K8;
				INFOPLIST_FILE = ClimaUITests/Info.plist;
				LD_RUNPATH_SEARCH_PATHS = (
					"$(inherited)",
					"@executable_path/Frameworks",
					"@loader_path/Frameworks",
				);
				PRODUCT_BUNDLE_IDENTIFIER = com.felipeweber.ClimaUITests;
				PRODUCT_NAME = "$(TARGET_NAME)";
				SWIFT_VERSION = 5.0;
				TARGETED_DEVICE_FAMILY = "1,2";
				TEST_TARGET_NAME = Clima;
			};
			name = Release;
		};
/* End XCBuildConfiguration section */

/* Begin XCConfigurationList section */
		553442F22409A583002BDE90 /* Build configuration list for PBXProject "Clima" */ = {
			isa = XCConfigurationList;
			buildConfigurations = (
				553443222409A585002BDE90 /* Debug */,
				553443232409A585002BDE90 /* Release */,
			);
			defaultConfigurationIsVisible = 0;
			defaultConfigurationName = Release;
		};
		553443242409A585002BDE90 /* Build configuration list for PBXNativeTarget "Clima" */ = {
			isa = XCConfigurationList;
			buildConfigurations = (
				553443252409A585002BDE90 /* Debug */,
				553443262409A585002BDE90 /* Release */,
			);
			defaultConfigurationIsVisible = 0;
			defaultConfigurationName = Release;
		};
		553443272409A585002BDE90 /* Build configuration list for PBXNativeTarget "ClimaTests" */ = {
			isa = XCConfigurationList;
			buildConfigurations = (
				553443282409A585002BDE90 /* Debug */,
				553443292409A585002BDE90 /* Release */,
			);
			defaultConfigurationIsVisible = 0;
			defaultConfigurationName = Release;
		};
		5534432A2409A585002BDE90 /* Build configuration list for PBXNativeTarget "ClimaUITests" */ = {
			isa = XCConfigurationList;
			buildConfigurations = (
				5534432B2409A585002BDE90 /* Debug */,
				5534432C2409A585002BDE90 /* Release */,
			);
			defaultConfigurationIsVisible = 0;
			defaultConfigurationName = Release;
		};
/* End XCConfigurationList section */

/* Begin XCVersionGroup section */
		553443032409A583002BDE90 /* Clima.xcdatamodeld */ = {
			isa = XCVersionGroup;
			children = (
				553443042409A583002BDE90 /* Clima.xcdatamodel */,
			);
			currentVersion = 553443042409A583002BDE90 /* Clima.xcdatamodel */;
			path = Clima.xcdatamodeld;
			sourceTree = "<group>";
			versionGroupType = wrapper.xcdatamodel;
		};
/* End XCVersionGroup section */
	};
	rootObject = 553442EF2409A583002BDE90 /* Project object */;
}
